
Microsoft Visual Studio Solution File, Format Version 12.00
# Visual Studio Version 17
VisualStudioVersion = 17.4.33205.214
MinimumVisualStudioVersion = 10.0.40219.1
Project("{FAE04EC0-301F-11D3-BF4B-00C04F79EFBC}") = "SkyBrigade.Engine", "SkyBrigade.Engine\SkyBrigade.Engine.csproj", "{ACE08932-A62F-42EA-AC50-D64EF79743A6}"
EndProject
Project("{FAE04EC0-301F-11D3-BF4B-00C04F79EFBC}") = "SkyBrigade.Game", "SkyBrigade.Game\SkyBrigade.Game.csproj", "{3B9BB5AA-11C0-4151-BED3-A1B021464754}"
EndProject
Global
	GlobalSection(SolutionConfigurationPlatforms) = preSolution
		Debug|Any CPU = Debug|Any CPU
		Release|Any CPU = Release|Any CPU
	EndGlobalSection
	GlobalSection(ProjectConfigurationPlatforms) = postSolution
		{ACE08932-A62F-42EA-AC50-D64EF79743A6}.Debug|Any CPU.ActiveCfg = Debug|Any CPU
		{ACE08932-A62F-42EA-AC50-D64EF79743A6}.Debug|Any CPU.Build.0 = Debug|Any CPU
		{ACE08932-A62F-42EA-AC50-D64EF79743A6}.Release|Any CPU.ActiveCfg = Release|Any CPU
		{ACE08932-A62F-42EA-AC50-D64EF79743A6}.Release|Any CPU.Build.0 = Release|Any CPU
		{3B9BB5AA-11C0-4151-BED3-A1B021464754}.Debug|Any CPU.ActiveCfg = Debug|Any CPU
		{3B9BB5AA-11C0-4151-BED3-A1B021464754}.Debug|Any CPU.Build.0 = Debug|Any CPU
		{3B9BB5AA-11C0-4151-BED3-A1B021464754}.Release|Any CPU.ActiveCfg = Release|Any CPU
		{3B9BB5AA-11C0-4151-BED3-A1B021464754}.Release|Any CPU.Build.0 = Release|Any CPU
	EndGlobalSection
	GlobalSection(SolutionProperties) = preSolution
		HideSolutionNode = FALSE
	EndGlobalSection
	GlobalSection(ExtensibilityGlobals) = postSolution
		SolutionGuid = {149C3F7B-7602-4D84-9475-7EBD5ABA63CC}
	EndGlobalSection
EndGlobal
