Microsoft Visual Studio Solution File, Format Version 12.00
# Visual Studio Version 17
VisualStudioVersion = 17.4.33205.214
MinimumVisualStudioVersion = 10.0.40219.1
Project("{9A19103F-16F7-4668-BE54-9A1E7A4F7556}") = "Horizon", "Horizon\Horizon.csproj", "{ACE08932-A62F-42EA-AC50-D64EF79743A6}"
EndProject
Project("{9A19103F-16F7-4668-BE54-9A1E7A4F7556}") = "SkyBrigade", "SkyBrigade\SkyBrigade.csproj", "{3B9BB5AA-11C0-4151-BED3-A1B021464754}"
EndProject
Project("{2150E333-8FDC-42A3-9474-1A3956D46DE8}") = "Solution Items", "Solution Items", "{B950282F-6125-4E5D-AFDE-62EDE4F55D4C}"
	ProjectSection(SolutionItems) = preProject
		.editorconfig = .editorconfig
	EndProjectSection
EndProject
Project("{9A19103F-16F7-4668-BE54-9A1E7A4F7556}") = "Horizon.Prefabs", "Horizon.Prefabs\Horizon.Prefabs.csproj", "{2D827CF8-E648-438C-8AF7-3592BA534F40}"
EndProject
Project("{9A19103F-16F7-4668-BE54-9A1E7A4F7556}") = "TileBash", "Game2D\TileBash.csproj", "{AB19AD6E-20BA-4D45-8B0F-FFDC2ED25020}"
EndProject
Project("{9A19103F-16F7-4668-BE54-9A1E7A4F7556}") = "DualSenseAPI", "DualSenseAPI\DualSenseAPI.csproj", "{95DE8997-1433-4B3C-988F-58D28F97C965}"
EndProject
Project("{9A19103F-16F7-4668-BE54-9A1E7A4F7556}") = "Horizon_InstancingDemo", "Horizon_InstancingDemo\Horizon_InstancingDemo.csproj", "{ACAE2DD5-F7F7-4E40-BBD1-0E963E26E7BC}"
EndProject
Project("{FAE04EC0-301F-11D3-BF4B-00C04F79EFBC}") = "Horizon_ComputeSSBODemo", "Horizon_ComputeSSBODemo\Horizon_ComputeSSBODemo.csproj", "{F3C0FA59-79CA-4DD0-B6A7-987DAC120FD4}"
EndProject
Global
	GlobalSection(SolutionConfigurationPlatforms) = preSolution
		Debug|Any CPU = Debug|Any CPU
		Debug|x64 = Debug|x64
		Release|Any CPU = Release|Any CPU
		Release|x64 = Release|x64
	EndGlobalSection
	GlobalSection(ProjectConfigurationPlatforms) = postSolution
		{ACE08932-A62F-42EA-AC50-D64EF79743A6}.Debug|Any CPU.ActiveCfg = Debug|Any CPU
		{ACE08932-A62F-42EA-AC50-D64EF79743A6}.Debug|Any CPU.Build.0 = Debug|Any CPU
		{ACE08932-A62F-42EA-AC50-D64EF79743A6}.Debug|x64.ActiveCfg = Debug|x64
		{ACE08932-A62F-42EA-AC50-D64EF79743A6}.Debug|x64.Build.0 = Debug|x64
		{ACE08932-A62F-42EA-AC50-D64EF79743A6}.Release|Any CPU.ActiveCfg = Release|Any CPU
		{ACE08932-A62F-42EA-AC50-D64EF79743A6}.Release|Any CPU.Build.0 = Release|Any CPU
		{ACE08932-A62F-42EA-AC50-D64EF79743A6}.Release|x64.ActiveCfg = Release|x64
		{ACE08932-A62F-42EA-AC50-D64EF79743A6}.Release|x64.Build.0 = Release|x64
		{3B9BB5AA-11C0-4151-BED3-A1B021464754}.Debug|Any CPU.ActiveCfg = Debug|Any CPU
		{3B9BB5AA-11C0-4151-BED3-A1B021464754}.Debug|Any CPU.Build.0 = Debug|Any CPU
		{3B9BB5AA-11C0-4151-BED3-A1B021464754}.Debug|x64.ActiveCfg = Debug|x64
		{3B9BB5AA-11C0-4151-BED3-A1B021464754}.Debug|x64.Build.0 = Debug|x64
		{3B9BB5AA-11C0-4151-BED3-A1B021464754}.Release|Any CPU.ActiveCfg = Release|Any CPU
		{3B9BB5AA-11C0-4151-BED3-A1B021464754}.Release|Any CPU.Build.0 = Release|Any CPU
		{3B9BB5AA-11C0-4151-BED3-A1B021464754}.Release|x64.ActiveCfg = Release|x64
		{3B9BB5AA-11C0-4151-BED3-A1B021464754}.Release|x64.Build.0 = Release|x64
		{2D827CF8-E648-438C-8AF7-3592BA534F40}.Debug|Any CPU.ActiveCfg = Debug|Any CPU
		{2D827CF8-E648-438C-8AF7-3592BA534F40}.Debug|Any CPU.Build.0 = Debug|Any CPU
		{2D827CF8-E648-438C-8AF7-3592BA534F40}.Debug|x64.ActiveCfg = Debug|x64
		{2D827CF8-E648-438C-8AF7-3592BA534F40}.Debug|x64.Build.0 = Debug|x64
		{2D827CF8-E648-438C-8AF7-3592BA534F40}.Release|Any CPU.ActiveCfg = Release|Any CPU
		{2D827CF8-E648-438C-8AF7-3592BA534F40}.Release|Any CPU.Build.0 = Release|Any CPU
		{2D827CF8-E648-438C-8AF7-3592BA534F40}.Release|x64.ActiveCfg = Release|x64
		{2D827CF8-E648-438C-8AF7-3592BA534F40}.Release|x64.Build.0 = Release|x64
		{AB19AD6E-20BA-4D45-8B0F-FFDC2ED25020}.Debug|Any CPU.ActiveCfg = Debug|Any CPU
		{AB19AD6E-20BA-4D45-8B0F-FFDC2ED25020}.Debug|Any CPU.Build.0 = Debug|Any CPU
		{AB19AD6E-20BA-4D45-8B0F-FFDC2ED25020}.Debug|x64.ActiveCfg = Debug|x64
		{AB19AD6E-20BA-4D45-8B0F-FFDC2ED25020}.Debug|x64.Build.0 = Debug|x64
		{AB19AD6E-20BA-4D45-8B0F-FFDC2ED25020}.Release|Any CPU.ActiveCfg = Release|Any CPU
		{AB19AD6E-20BA-4D45-8B0F-FFDC2ED25020}.Release|Any CPU.Build.0 = Release|Any CPU
		{AB19AD6E-20BA-4D45-8B0F-FFDC2ED25020}.Release|x64.ActiveCfg = Release|x64
		{AB19AD6E-20BA-4D45-8B0F-FFDC2ED25020}.Release|x64.Build.0 = Release|x64
		{95DE8997-1433-4B3C-988F-58D28F97C965}.Debug|Any CPU.ActiveCfg = Debug|Any CPU
		{95DE8997-1433-4B3C-988F-58D28F97C965}.Debug|Any CPU.Build.0 = Debug|Any CPU
		{95DE8997-1433-4B3C-988F-58D28F97C965}.Debug|x64.ActiveCfg = Debug|x64
		{95DE8997-1433-4B3C-988F-58D28F97C965}.Debug|x64.Build.0 = Debug|x64
		{95DE8997-1433-4B3C-988F-58D28F97C965}.Release|Any CPU.ActiveCfg = Release|Any CPU
		{95DE8997-1433-4B3C-988F-58D28F97C965}.Release|Any CPU.Build.0 = Release|Any CPU
		{95DE8997-1433-4B3C-988F-58D28F97C965}.Release|x64.ActiveCfg = Release|x64
		{95DE8997-1433-4B3C-988F-58D28F97C965}.Release|x64.Build.0 = Release|x64
		{ACAE2DD5-F7F7-4E40-BBD1-0E963E26E7BC}.Debug|Any CPU.ActiveCfg = Debug|Any CPU
		{ACAE2DD5-F7F7-4E40-BBD1-0E963E26E7BC}.Debug|Any CPU.Build.0 = Debug|Any CPU
		{ACAE2DD5-F7F7-4E40-BBD1-0E963E26E7BC}.Debug|x64.ActiveCfg = Debug|Any CPU
		{ACAE2DD5-F7F7-4E40-BBD1-0E963E26E7BC}.Debug|x64.Build.0 = Debug|Any CPU
		{ACAE2DD5-F7F7-4E40-BBD1-0E963E26E7BC}.Release|Any CPU.ActiveCfg = Release|Any CPU
		{ACAE2DD5-F7F7-4E40-BBD1-0E963E26E7BC}.Release|Any CPU.Build.0 = Release|Any CPU
		{ACAE2DD5-F7F7-4E40-BBD1-0E963E26E7BC}.Release|x64.ActiveCfg = Release|Any CPU
		{ACAE2DD5-F7F7-4E40-BBD1-0E963E26E7BC}.Release|x64.Build.0 = Release|Any CPU
		{F3C0FA59-79CA-4DD0-B6A7-987DAC120FD4}.Debug|Any CPU.ActiveCfg = Debug|Any CPU
		{F3C0FA59-79CA-4DD0-B6A7-987DAC120FD4}.Debug|Any CPU.Build.0 = Debug|Any CPU
		{F3C0FA59-79CA-4DD0-B6A7-987DAC120FD4}.Debug|x64.ActiveCfg = Debug|Any CPU
		{F3C0FA59-79CA-4DD0-B6A7-987DAC120FD4}.Debug|x64.Build.0 = Debug|Any CPU
		{F3C0FA59-79CA-4DD0-B6A7-987DAC120FD4}.Release|Any CPU.ActiveCfg = Release|Any CPU
		{F3C0FA59-79CA-4DD0-B6A7-987DAC120FD4}.Release|Any CPU.Build.0 = Release|Any CPU
		{F3C0FA59-79CA-4DD0-B6A7-987DAC120FD4}.Release|x64.ActiveCfg = Release|Any CPU
		{F3C0FA59-79CA-4DD0-B6A7-987DAC120FD4}.Release|x64.Build.0 = Release|Any CPU
	EndGlobalSection
	GlobalSection(SolutionProperties) = preSolution
		HideSolutionNode = FALSE
	EndGlobalSection
	GlobalSection(ExtensibilityGlobals) = postSolution
		SolutionGuid = {149C3F7B-7602-4D84-9475-7EBD5ABA63CC}
	EndGlobalSection
EndGlobal
